// !$*UTF8*$!
{
	archiveVersion = 1;
	classes = {
	};
	objectVersion = 46;
	objects = {

/* Begin PBXBuildFile section */
		4E48D276171F930500BA6B0E /* ASIAuthenticationDialog.m in Sources */ = {isa = PBXBuildFile; fileRef = 4E48D261171F930500BA6B0E /* ASIAuthenticationDialog.m */; };
		4E48D277171F930500BA6B0E /* ASIDataCompressor.m in Sources */ = {isa = PBXBuildFile; fileRef = 4E48D264171F930500BA6B0E /* ASIDataCompressor.m */; };
		4E48D278171F930500BA6B0E /* ASIDataDecompressor.m in Sources */ = {isa = PBXBuildFile; fileRef = 4E48D266171F930500BA6B0E /* ASIDataDecompressor.m */; };
		4E48D279171F930500BA6B0E /* ASIDownloadCache.m in Sources */ = {isa = PBXBuildFile; fileRef = 4E48D268171F930500BA6B0E /* ASIDownloadCache.m */; };
		4E48D27A171F930500BA6B0E /* ASIFormDataRequest.m in Sources */ = {isa = PBXBuildFile; fileRef = 4E48D26A171F930500BA6B0E /* ASIFormDataRequest.m */; };
		4E48D27B171F930500BA6B0E /* ASIHTTPRequest.m in Sources */ = {isa = PBXBuildFile; fileRef = 4E48D26C171F930500BA6B0E /* ASIHTTPRequest.m */; };
		4E48D27C171F930500BA6B0E /* ASIInputStream.m in Sources */ = {isa = PBXBuildFile; fileRef = 4E48D270171F930500BA6B0E /* ASIInputStream.m */; };
		4E48D27D171F930500BA6B0E /* ASINetworkQueue.m in Sources */ = {isa = PBXBuildFile; fileRef = 4E48D272171F930500BA6B0E /* ASINetworkQueue.m */; };
		4E48D27E171F930500BA6B0E /* Reachability.m in Sources */ = {isa = PBXBuildFile; fileRef = 4E48D275171F930500BA6B0E /* Reachability.m */; };
		4E48D280171F933700BA6B0E /* CFNetwork.framework in Frameworks */ = {isa = PBXBuildFile; fileRef = 4E48D27F171F933700BA6B0E /* CFNetwork.framework */; };
		4E48D282171F934000BA6B0E /* MobileCoreServices.framework in Frameworks */ = {isa = PBXBuildFile; fileRef = 4E48D281171F934000BA6B0E /* MobileCoreServices.framework */; };
		4E48D284171F934A00BA6B0E /* SystemConfiguration.framework in Frameworks */ = {isa = PBXBuildFile; fileRef = 4E48D283171F934A00BA6B0E /* SystemConfiguration.framework */; };
		4E48D286171F935200BA6B0E /* libz.1.2.5.dylib in Frameworks */ = {isa = PBXBuildFile; fileRef = 4E48D285171F935200BA6B0E /* libz.1.2.5.dylib */; };
		4E9BCD731723002400B65D99 /* DetailViewController.m in Sources */ = {isa = PBXBuildFile; fileRef = 4E9BCD721723002400B65D99 /* DetailViewController.m */; };
		4E9CDEAD171CF45D008F798C /* UIKit.framework in Frameworks */ = {isa = PBXBuildFile; fileRef = 4E9CDEAC171CF45D008F798C /* UIKit.framework */; };
		4E9CDEAF171CF45D008F798C /* Foundation.framework in Frameworks */ = {isa = PBXBuildFile; fileRef = 4E9CDEAE171CF45D008F798C /* Foundation.framework */; };
		4E9CDEB1171CF45D008F798C /* CoreGraphics.framework in Frameworks */ = {isa = PBXBuildFile; fileRef = 4E9CDEB0171CF45D008F798C /* CoreGraphics.framework */; };
		4E9CDEB7171CF45D008F798C /* InfoPlist.strings in Resources */ = {isa = PBXBuildFile; fileRef = 4E9CDEB5171CF45D008F798C /* InfoPlist.strings */; };
		4E9CDEB9171CF45D008F798C /* main.m in Sources */ = {isa = PBXBuildFile; fileRef = 4E9CDEB8171CF45D008F798C /* main.m */; };
		4E9CDEBD171CF45D008F798C /* AppDelegate.m in Sources */ = {isa = PBXBuildFile; fileRef = 4E9CDEBC171CF45D008F798C /* AppDelegate.m */; };
		4E9CDEBF171CF45D008F798C /* Default.png in Resources */ = {isa = PBXBuildFile; fileRef = 4E9CDEBE171CF45D008F798C /* Default.png */; };
		4E9CDEC1171CF45D008F798C /* Default@2x.png in Resources */ = {isa = PBXBuildFile; fileRef = 4E9CDEC0171CF45D008F798C /* Default@2x.png */; };
		4E9CDEC3171CF45D008F798C /* Default-568h@2x.png in Resources */ = {isa = PBXBuildFile; fileRef = 4E9CDEC2171CF45D008F798C /* Default-568h@2x.png */; };
		4EA501FF171D265A00F969D5 /* HomeViewController.m in Sources */ = {isa = PBXBuildFile; fileRef = 4EA501FE171D265A00F969D5 /* HomeViewController.m */; };
		4EA50202171D436200F969D5 /* Service.m in Sources */ = {isa = PBXBuildFile; fileRef = 4EA50201171D436200F969D5 /* Service.m */; };
/* End PBXBuildFile section */

/* Begin PBXFileReference section */
		4E44BC721720F06E009669CB /* common.h */ = {isa = PBXFileReference; fileEncoding = 4; lastKnownFileType = sourcecode.c.h; path = common.h; sourceTree = "<group>"; };
		4E48D260171F930500BA6B0E /* ASIAuthenticationDialog.h */ = {isa = PBXFileReference; fileEncoding = 4; lastKnownFileType = sourcecode.c.h; path = ASIAuthenticationDialog.h; sourceTree = "<group>"; };
		4E48D261171F930500BA6B0E /* ASIAuthenticationDialog.m */ = {isa = PBXFileReference; fileEncoding = 4; lastKnownFileType = sourcecode.c.objc; path = ASIAuthenticationDialog.m; sourceTree = "<group>"; };
		4E48D262171F930500BA6B0E /* ASICacheDelegate.h */ = {isa = PBXFileReference; fileEncoding = 4; lastKnownFileType = sourcecode.c.h; path = ASICacheDelegate.h; sourceTree = "<group>"; };
		4E48D263171F930500BA6B0E /* ASIDataCompressor.h */ = {isa = PBXFileReference; fileEncoding = 4; lastKnownFileType = sourcecode.c.h; path = ASIDataCompressor.h; sourceTree = "<group>"; };
		4E48D264171F930500BA6B0E /* ASIDataCompressor.m */ = {isa = PBXFileReference; fileEncoding = 4; lastKnownFileType = sourcecode.c.objc; path = ASIDataCompressor.m; sourceTree = "<group>"; };
		4E48D265171F930500BA6B0E /* ASIDataDecompressor.h */ = {isa = PBXFileReference; fileEncoding = 4; lastKnownFileType = sourcecode.c.h; path = ASIDataDecompressor.h; sourceTree = "<group>"; };
		4E48D266171F930500BA6B0E /* ASIDataDecompressor.m */ = {isa = PBXFileReference; fileEncoding = 4; lastKnownFileType = sourcecode.c.objc; path = ASIDataDecompressor.m; sourceTree = "<group>"; };
		4E48D267171F930500BA6B0E /* ASIDownloadCache.h */ = {isa = PBXFileReference; fileEncoding = 4; lastKnownFileType = sourcecode.c.h; path = ASIDownloadCache.h; sourceTree = "<group>"; };
		4E48D268171F930500BA6B0E /* ASIDownloadCache.m */ = {isa = PBXFileReference; fileEncoding = 4; lastKnownFileType = sourcecode.c.objc; path = ASIDownloadCache.m; sourceTree = "<group>"; };
		4E48D269171F930500BA6B0E /* ASIFormDataRequest.h */ = {isa = PBXFileReference; fileEncoding = 4; lastKnownFileType = sourcecode.c.h; path = ASIFormDataRequest.h; sourceTree = "<group>"; };
		4E48D26A171F930500BA6B0E /* ASIFormDataRequest.m */ = {isa = PBXFileReference; fileEncoding = 4; lastKnownFileType = sourcecode.c.objc; path = ASIFormDataRequest.m; sourceTree = "<group>"; };
		4E48D26B171F930500BA6B0E /* ASIHTTPRequest.h */ = {isa = PBXFileReference; fileEncoding = 4; lastKnownFileType = sourcecode.c.h; path = ASIHTTPRequest.h; sourceTree = "<group>"; };
		4E48D26C171F930500BA6B0E /* ASIHTTPRequest.m */ = {isa = PBXFileReference; fileEncoding = 4; lastKnownFileType = sourcecode.c.objc; path = ASIHTTPRequest.m; sourceTree = "<group>"; };
		4E48D26D171F930500BA6B0E /* ASIHTTPRequestConfig.h */ = {isa = PBXFileReference; fileEncoding = 4; lastKnownFileType = sourcecode.c.h; path = ASIHTTPRequestConfig.h; sourceTree = "<group>"; };
		4E48D26E171F930500BA6B0E /* ASIHTTPRequestDelegate.h */ = {isa = PBXFileReference; fileEncoding = 4; lastKnownFileType = sourcecode.c.h; path = ASIHTTPRequestDelegate.h; sourceTree = "<group>"; };
		4E48D26F171F930500BA6B0E /* ASIInputStream.h */ = {isa = PBXFileReference; fileEncoding = 4; lastKnownFileType = sourcecode.c.h; path = ASIInputStream.h; sourceTree = "<group>"; };
		4E48D270171F930500BA6B0E /* ASIInputStream.m */ = {isa = PBXFileReference; fileEncoding = 4; lastKnownFileType = sourcecode.c.objc; path = ASIInputStream.m; sourceTree = "<group>"; };
		4E48D271171F930500BA6B0E /* ASINetworkQueue.h */ = {isa = PBXFileReference; fileEncoding = 4; lastKnownFileType = sourcecode.c.h; path = ASINetworkQueue.h; sourceTree = "<group>"; };
		4E48D272171F930500BA6B0E /* ASINetworkQueue.m */ = {isa = PBXFileReference; fileEncoding = 4; lastKnownFileType = sourcecode.c.objc; path = ASINetworkQueue.m; sourceTree = "<group>"; };
		4E48D273171F930500BA6B0E /* ASIProgressDelegate.h */ = {isa = PBXFileReference; fileEncoding = 4; lastKnownFileType = sourcecode.c.h; path = ASIProgressDelegate.h; sourceTree = "<group>"; };
		4E48D274171F930500BA6B0E /* Reachability.h */ = {isa = PBXFileReference; fileEncoding = 4; lastKnownFileType = sourcecode.c.h; path = Reachability.h; sourceTree = "<group>"; };
		4E48D275171F930500BA6B0E /* Reachability.m */ = {isa = PBXFileReference; fileEncoding = 4; lastKnownFileType = sourcecode.c.objc; path = Reachability.m; sourceTree = "<group>"; };
		4E48D27F171F933700BA6B0E /* CFNetwork.framework */ = {isa = PBXFileReference; lastKnownFileType = wrapper.framework; name = CFNetwork.framework; path = System/Library/Frameworks/CFNetwork.framework; sourceTree = SDKROOT; };
		4E48D281171F934000BA6B0E /* MobileCoreServices.framework */ = {isa = PBXFileReference; lastKnownFileType = wrapper.framework; name = MobileCoreServices.framework; path = System/Library/Frameworks/MobileCoreServices.framework; sourceTree = SDKROOT; };
		4E48D283171F934A00BA6B0E /* SystemConfiguration.framework */ = {isa = PBXFileReference; lastKnownFileType = wrapper.framework; name = SystemConfiguration.framework; path = System/Library/Frameworks/SystemConfiguration.framework; sourceTree = SDKROOT; };
		4E48D285171F935200BA6B0E /* libz.1.2.5.dylib */ = {isa = PBXFileReference; lastKnownFileType = "compiled.mach-o.dylib"; name = libz.1.2.5.dylib; path = usr/lib/libz.1.2.5.dylib; sourceTree = SDKROOT; };
		4E9BCD711723002400B65D99 /* DetailViewController.h */ = {isa = PBXFileReference; fileEncoding = 4; lastKnownFileType = sourcecode.c.h; path = DetailViewController.h; sourceTree = "<group>"; };
		4E9BCD721723002400B65D99 /* DetailViewController.m */ = {isa = PBXFileReference; fileEncoding = 4; lastKnownFileType = sourcecode.c.objc; path = DetailViewController.m; sourceTree = "<group>"; };
		4E9CDEA9171CF45D008F798C /* QBCatch.app */ = {isa = PBXFileReference; explicitFileType = wrapper.application; includeInIndex = 0; path = QBCatch.app; sourceTree = BUILT_PRODUCTS_DIR; };
		4E9CDEAC171CF45D008F798C /* UIKit.framework */ = {isa = PBXFileReference; lastKnownFileType = wrapper.framework; name = UIKit.framework; path = System/Library/Frameworks/UIKit.framework; sourceTree = SDKROOT; };
		4E9CDEAE171CF45D008F798C /* Foundation.framework */ = {isa = PBXFileReference; lastKnownFileType = wrapper.framework; name = Foundation.framework; path = System/Library/Frameworks/Foundation.framework; sourceTree = SDKROOT; };
		4E9CDEB0171CF45D008F798C /* CoreGraphics.framework */ = {isa = PBXFileReference; lastKnownFileType = wrapper.framework; name = CoreGraphics.framework; path = System/Library/Frameworks/CoreGraphics.framework; sourceTree = SDKROOT; };
		4E9CDEB4171CF45D008F798C /* QBCatch-Info.plist */ = {isa = PBXFileReference; lastKnownFileType = text.plist.xml; path = "QBCatch-Info.plist"; sourceTree = "<group>"; };
		4E9CDEB6171CF45D008F798C /* en */ = {isa = PBXFileReference; lastKnownFileType = text.plist.strings; name = en; path = en.lproj/InfoPlist.strings; sourceTree = "<group>"; };
		4E9CDEB8171CF45D008F798C /* main.m */ = {isa = PBXFileReference; lastKnownFileType = sourcecode.c.objc; path = main.m; sourceTree = "<group>"; };
		4E9CDEBA171CF45D008F798C /* QBCatch-Prefix.pch */ = {isa = PBXFileReference; lastKnownFileType = sourcecode.c.h; path = "QBCatch-Prefix.pch"; sourceTree = "<group>"; };
		4E9CDEBB171CF45D008F798C /* AppDelegate.h */ = {isa = PBXFileReference; lastKnownFileType = sourcecode.c.h; path = AppDelegate.h; sourceTree = "<group>"; };
		4E9CDEBC171CF45D008F798C /* AppDelegate.m */ = {isa = PBXFileReference; lastKnownFileType = sourcecode.c.objc; path = AppDelegate.m; sourceTree = "<group>"; };
		4E9CDEBE171CF45D008F798C /* Default.png */ = {isa = PBXFileReference; lastKnownFileType = image.png; path = Default.png; sourceTree = "<group>"; };
		4E9CDEC0171CF45D008F798C /* Default@2x.png */ = {isa = PBXFileReference; lastKnownFileType = image.png; path = "Default@2x.png"; sourceTree = "<group>"; };
		4E9CDEC2171CF45D008F798C /* Default-568h@2x.png */ = {isa = PBXFileReference; lastKnownFileType = image.png; path = "Default-568h@2x.png"; sourceTree = "<group>"; };
		4EA501FD171D265A00F969D5 /* HomeViewController.h */ = {isa = PBXFileReference; fileEncoding = 4; lastKnownFileType = sourcecode.c.h; path = HomeViewController.h; sourceTree = "<group>"; };
		4EA501FE171D265A00F969D5 /* HomeViewController.m */ = {isa = PBXFileReference; fileEncoding = 4; lastKnownFileType = sourcecode.c.objc; path = HomeViewController.m; sourceTree = "<group>"; };
		4EA50200171D436200F969D5 /* Service.h */ = {isa = PBXFileReference; fileEncoding = 4; lastKnownFileType = sourcecode.c.h; path = Service.h; sourceTree = "<group>"; };
		4EA50201171D436200F969D5 /* Service.m */ = {isa = PBXFileReference; fileEncoding = 4; lastKnownFileType = sourcecode.c.objc; path = Service.m; sourceTree = "<group>"; };
/* End PBXFileReference section */

/* Begin PBXFrameworksBuildPhase section */
		4E9CDEA6171CF45D008F798C /* Frameworks */ = {
			isa = PBXFrameworksBuildPhase;
			buildActionMask = 2147483647;
			files = (
				4E48D286171F935200BA6B0E /* libz.1.2.5.dylib in Frameworks */,
				4E48D284171F934A00BA6B0E /* SystemConfiguration.framework in Frameworks */,
				4E48D282171F934000BA6B0E /* MobileCoreServices.framework in Frameworks */,
				4E48D280171F933700BA6B0E /* CFNetwork.framework in Frameworks */,
				4E9CDEAD171CF45D008F798C /* UIKit.framework in Frameworks */,
				4E9CDEAF171CF45D008F798C /* Foundation.framework in Frameworks */,
				4E9CDEB1171CF45D008F798C /* CoreGraphics.framework in Frameworks */,
			);
			runOnlyForDeploymentPostprocessing = 0;
		};
/* End PBXFrameworksBuildPhase section */

/* Begin PBXGroup section */
		4E48D25F171F930500BA6B0E /* ASIHTTPRequest */ = {
			isa = PBXGroup;
			children = (
				4E48D260171F930500BA6B0E /* ASIAuthenticationDialog.h */,
				4E48D261171F930500BA6B0E /* ASIAuthenticationDialog.m */,
				4E48D262171F930500BA6B0E /* ASICacheDelegate.h */,
				4E48D263171F930500BA6B0E /* ASIDataCompressor.h */,
				4E48D264171F930500BA6B0E /* ASIDataCompressor.m */,
				4E48D265171F930500BA6B0E /* ASIDataDecompressor.h */,
				4E48D266171F930500BA6B0E /* ASIDataDecompressor.m */,
				4E48D267171F930500BA6B0E /* ASIDownloadCache.h */,
				4E48D268171F930500BA6B0E /* ASIDownloadCache.m */,
				4E48D269171F930500BA6B0E /* ASIFormDataRequest.h */,
				4E48D26A171F930500BA6B0E /* ASIFormDataRequest.m */,
				4E48D26B171F930500BA6B0E /* ASIHTTPRequest.h */,
				4E48D26C171F930500BA6B0E /* ASIHTTPRequest.m */,
				4E48D26D171F930500BA6B0E /* ASIHTTPRequestConfig.h */,
				4E48D26E171F930500BA6B0E /* ASIHTTPRequestDelegate.h */,
				4E48D26F171F930500BA6B0E /* ASIInputStream.h */,
				4E48D270171F930500BA6B0E /* ASIInputStream.m */,
				4E48D271171F930500BA6B0E /* ASINetworkQueue.h */,
				4E48D272171F930500BA6B0E /* ASINetworkQueue.m */,
				4E48D273171F930500BA6B0E /* ASIProgressDelegate.h */,
				4E48D274171F930500BA6B0E /* Reachability.h */,
				4E48D275171F930500BA6B0E /* Reachability.m */,
			);
			path = ASIHTTPRequest;
			sourceTree = "<group>";
		};
		4E9CDEA0171CF45D008F798C = {
			isa = PBXGroup;
			children = (
				4E48D285171F935200BA6B0E /* libz.1.2.5.dylib */,
				4E48D283171F934A00BA6B0E /* SystemConfiguration.framework */,
				4E48D281171F934000BA6B0E /* MobileCoreServices.framework */,
				4E48D27F171F933700BA6B0E /* CFNetwork.framework */,
				4E9CDEB2171CF45D008F798C /* QBCatch */,
				4E9CDEAB171CF45D008F798C /* Frameworks */,
				4E9CDEAA171CF45D008F798C /* Products */,
			);
			sourceTree = "<group>";
		};
		4E9CDEAA171CF45D008F798C /* Products */ = {
			isa = PBXGroup;
			children = (
				4E9CDEA9171CF45D008F798C /* QBCatch.app */,
			);
			name = Products;
			sourceTree = "<group>";
		};
		4E9CDEAB171CF45D008F798C /* Frameworks */ = {
			isa = PBXGroup;
			children = (
				4E9CDEAC171CF45D008F798C /* UIKit.framework */,
				4E9CDEAE171CF45D008F798C /* Foundation.framework */,
				4E9CDEB0171CF45D008F798C /* CoreGraphics.framework */,
			);
			name = Frameworks;
			sourceTree = "<group>";
		};
		4E9CDEB2171CF45D008F798C /* QBCatch */ = {
			isa = PBXGroup;
			children = (
				4E48D25F171F930500BA6B0E /* ASIHTTPRequest */,
				4E9CDEBB171CF45D008F798C /* AppDelegate.h */,
				4E9CDEBC171CF45D008F798C /* AppDelegate.m */,
				4E9CDEB3171CF45D008F798C /* Supporting Files */,
				4EA501FD171D265A00F969D5 /* HomeViewController.h */,
				4EA501FE171D265A00F969D5 /* HomeViewController.m */,
				4EA50200171D436200F969D5 /* Service.h */,
				4EA50201171D436200F969D5 /* Service.m */,
				4E44BC721720F06E009669CB /* common.h */,
				4E9BCD711723002400B65D99 /* DetailViewController.h */,
				4E9BCD721723002400B65D99 /* DetailViewController.m */,
			);
			path = QBCatch;
			sourceTree = "<group>";
		};
		4E9CDEB3171CF45D008F798C /* Supporting Files */ = {
			isa = PBXGroup;
			children = (
				4E9CDEB4171CF45D008F798C /* QBCatch-Info.plist */,
				4E9CDEB5171CF45D008F798C /* InfoPlist.strings */,
				4E9CDEB8171CF45D008F798C /* main.m */,
				4E9CDEBA171CF45D008F798C /* QBCatch-Prefix.pch */,
				4E9CDEBE171CF45D008F798C /* Default.png */,
				4E9CDEC0171CF45D008F798C /* Default@2x.png */,
				4E9CDEC2171CF45D008F798C /* Default-568h@2x.png */,
			);
			name = "Supporting Files";
			sourceTree = "<group>";
		};
/* End PBXGroup section */

/* Begin PBXNativeTarget section */
		4E9CDEA8171CF45D008F798C /* QBCatch */ = {
			isa = PBXNativeTarget;
			buildConfigurationList = 4E9CDEC6171CF45D008F798C /* Build configuration list for PBXNativeTarget "QBCatch" */;
			buildPhases = (
				4E9CDEA5171CF45D008F798C /* Sources */,
				4E9CDEA6171CF45D008F798C /* Frameworks */,
				4E9CDEA7171CF45D008F798C /* Resources */,
			);
			buildRules = (
			);
			dependencies = (
			);
			name = QBCatch;
			productName = QBCatch;
			productReference = 4E9CDEA9171CF45D008F798C /* QBCatch.app */;
			productType = "com.apple.product-type.application";
		};
/* End PBXNativeTarget section */

/* Begin PBXProject section */
		4E9CDEA1171CF45D008F798C /* Project object */ = {
			isa = PBXProject;
			attributes = {
				LastUpgradeCheck = 0460;
				ORGANIZATIONNAME = ello;
			};
			buildConfigurationList = 4E9CDEA4171CF45D008F798C /* Build configuration list for PBXProject "QBCatch" */;
			compatibilityVersion = "Xcode 3.2";
			developmentRegion = English;
			hasScannedForEncodings = 0;
			knownRegions = (
				en,
			);
			mainGroup = 4E9CDEA0171CF45D008F798C;
			productRefGroup = 4E9CDEAA171CF45D008F798C /* Products */;
			projectDirPath = "";
			projectRoot = "";
			targets = (
				4E9CDEA8171CF45D008F798C /* QBCatch */,
			);
		};
/* End PBXProject section */

/* Begin PBXResourcesBuildPhase section */
		4E9CDEA7171CF45D008F798C /* Resources */ = {
			isa = PBXResourcesBuildPhase;
			buildActionMask = 2147483647;
			files = (
				4E9CDEB7171CF45D008F798C /* InfoPlist.strings in Resources */,
				4E9CDEBF171CF45D008F798C /* Default.png in Resources */,
				4E9CDEC1171CF45D008F798C /* Default@2x.png in Resources */,
				4E9CDEC3171CF45D008F798C /* Default-568h@2x.png in Resources */,
			);
			runOnlyForDeploymentPostprocessing = 0;
		};
/* End PBXResourcesBuildPhase section */

/* Begin PBXSourcesBuildPhase section */
		4E9CDEA5171CF45D008F798C /* Sources */ = {
			isa = PBXSourcesBuildPhase;
			buildActionMask = 2147483647;
			files = (
				4E9CDEB9171CF45D008F798C /* main.m in Sources */,
				4E9CDEBD171CF45D008F798C /* AppDelegate.m in Sources */,
				4EA501FF171D265A00F969D5 /* HomeViewController.m in Sources */,
				4EA50202171D436200F969D5 /* Service.m in Sources */,
				4E48D276171F930500BA6B0E /* ASIAuthenticationDialog.m in Sources */,
				4E48D277171F930500BA6B0E /* ASIDataCompressor.m in Sources */,
				4E48D278171F930500BA6B0E /* ASIDataDecompressor.m in Sources */,
				4E48D279171F930500BA6B0E /* ASIDownloadCache.m in Sources */,
				4E48D27A171F930500BA6B0E /* ASIFormDataRequest.m in Sources */,
				4E48D27B171F930500BA6B0E /* ASIHTTPRequest.m in Sources */,
				4E48D27C171F930500BA6B0E /* ASIInputStream.m in Sources */,
				4E48D27D171F930500BA6B0E /* ASINetworkQueue.m in Sources */,
				4E48D27E171F930500BA6B0E /* Reachability.m in Sources */,
				4E9BCD731723002400B65D99 /* DetailViewController.m in Sources */,
			);
			runOnlyForDeploymentPostprocessing = 0;
		};
/* End PBXSourcesBuildPhase section */

/* Begin PBXVariantGroup section */
		4E9CDEB5171CF45D008F798C /* InfoPlist.strings */ = {
			isa = PBXVariantGroup;
			children = (
				4E9CDEB6171CF45D008F798C /* en */,
			);
			name = InfoPlist.strings;
			sourceTree = "<group>";
		};
/* End PBXVariantGroup section */

/* Begin XCBuildConfiguration section */
		4E9CDEC4171CF45D008F798C /* Debug */ = {
			isa = XCBuildConfiguration;
			buildSettings = {
				ALWAYS_SEARCH_USER_PATHS = NO;
				CLANG_CXX_LANGUAGE_STANDARD = "gnu++0x";
				CLANG_CXX_LIBRARY = "libc++";
				CLANG_WARN_CONSTANT_CONVERSION = YES;
				CLANG_WARN_EMPTY_BODY = YES;
				CLANG_WARN_ENUM_CONVERSION = YES;
				CLANG_WARN_INT_CONVERSION = YES;
				CLANG_WARN__DUPLICATE_METHOD_MATCH = YES;
				"CODE_SIGN_IDENTITY[sdk=iphoneos*]" = "iPhone Developer";
				COPY_PHASE_STRIP = NO;
				GCC_C_LANGUAGE_STANDARD = gnu99;
				GCC_DYNAMIC_NO_PIC = NO;
				GCC_OPTIMIZATION_LEVEL = 0;
				GCC_PREPROCESSOR_DEFINITIONS = (
					"DEBUG=1",
					"$(inherited)",
				);
				GCC_SYMBOLS_PRIVATE_EXTERN = NO;
				GCC_WARN_ABOUT_RETURN_TYPE = YES;
				GCC_WARN_UNINITIALIZED_AUTOS = YES;
				GCC_WARN_UNUSED_VARIABLE = YES;
				IPHONEOS_DEPLOYMENT_TARGET = 6.1;
				ONLY_ACTIVE_ARCH = YES;
				SDKROOT = iphoneos;
			};
			name = Debug;
		};
		4E9CDEC5171CF45D008F798C /* Release */ = {
			isa = XCBuildConfiguration;
			buildSettings = {
				ALWAYS_SEARCH_USER_PATHS = NO;
				CLANG_CXX_LANGUAGE_STANDARD = "gnu++0x";
				CLANG_CXX_LIBRARY = "libc++";
				CLANG_WARN_CONSTANT_CONVERSION = YES;
				CLANG_WARN_EMPTY_BODY = YES;
				CLANG_WARN_ENUM_CONVERSION = YES;
				CLANG_WARN_INT_CONVERSION = YES;
				CLANG_WARN__DUPLICATE_METHOD_MATCH = YES;
				"CODE_SIGN_IDENTITY[sdk=iphoneos*]" = "iPhone Developer";
				COPY_PHASE_STRIP = YES;
				GCC_C_LANGUAGE_STANDARD = gnu99;
				GCC_WARN_ABOUT_RETURN_TYPE = YES;
				GCC_WARN_UNINITIALIZED_AUTOS = YES;
				GCC_WARN_UNUSED_VARIABLE = YES;
				IPHONEOS_DEPLOYMENT_TARGET = 6.1;
				OTHER_CFLAGS = "-DNS_BLOCK_ASSERTIONS=1";
				SDKROOT = iphoneos;
				VALIDATE_PRODUCT = YES;
			};
			name = Release;
		};
		4E9CDEC7171CF45D008F798C /* Debug */ = {
			isa = XCBuildConfiguration;
			buildSettings = {
				GCC_PRECOMPILE_PREFIX_HEADER = YES;
				GCC_PREFIX_HEADER = "QBCatch/QBCatch-Prefix.pch";
				INFOPLIST_FILE = "QBCatch/QBCatch-Info.plist";
				IPHONEOS_DEPLOYMENT_TARGET = 4.3;
				PRODUCT_NAME = "$(TARGET_NAME)";
				WRAPPER_EXTENSION = app;
			};
			name = Debug;
		};
		4E9CDEC8171CF45D008F798C /* Release */ = {
			isa = XCBuildConfiguration;
			buildSettings = {
				GCC_PRECOMPILE_PREFIX_HEADER = YES;
				GCC_PREFIX_HEADER = "QBCatch/QBCatch-Prefix.pch";
				INFOPLIST_FILE = "QBCatch/QBCatch-Info.plist";
				IPHONEOS_DEPLOYMENT_TARGET = 4.3;
				PRODUCT_NAME = "$(TARGET_NAME)";
				WRAPPER_EXTENSION = app;
			};
			name = Release;
		};
/* End XCBuildConfiguration section */

/* Begin XCConfigurationList section */
		4E9CDEA4171CF45D008F798C /* Build configuration list for PBXProject "QBCatch" */ = {
			isa = XCConfigurationList;
			buildConfigurations = (
				4E9CDEC4171CF45D008F798C /* Debug */,
				4E9CDEC5171CF45D008F798C /* Release */,
			);
			defaultConfigurationIsVisible = 0;
			defaultConfigurationName = Release;
		};
		4E9CDEC6171CF45D008F798C /* Build configuration list for PBXNativeTarget "QBCatch" */ = {
			isa = XCConfigurationList;
			buildConfigurations = (
				4E9CDEC7171CF45D008F798C /* Debug */,
				4E9CDEC8171CF45D008F798C /* Release */,
			);
			defaultConfigurationIsVisible = 0;
			defaultConfigurationName = Release;
		};
/* End XCConfigurationList section */
	};
	rootObject = 4E9CDEA1171CF45D008F798C /* Project object */;
}
